# Generated by move; do not edit
# This file should be checked in.

[move]
version = 4

[pinned.mainnet.MoveStdlib]
source = { git = "https://github.com/MystenLabs/sui.git", subdir = "crates/sui-framework/packages/move-stdlib", rev = "b9149cbf0b2cb9ae5ed830407a9b48c7ae3fd36c" }
use_environment = "mainnet"
manifest_digest = "C4FE4C91DE74CBF223B2E380AE40F592177D21870DC2D7EB6227D2D694E05363"
deps = {}

[pinned.mainnet.Sui]
source = { git = "https://github.com/MystenLabs/sui.git", subdir = "crates/sui-framework/packages/sui-framework", rev = "b9149cbf0b2cb9ae5ed830407a9b48c7ae3fd36c" }
use_environment = "mainnet"
manifest_digest = "CD547CB1ACCE0880C835DAED2D8FFCB91D56C833AE5240D3AA5B918398263195"
deps = { MoveStdlib = "MoveStdlib" }

[pinned.mainnet.bps]
source = { git = "https://github.com/unconfirmedlabs/bps.git", subdir = ".", rev = "26fa571e3d8fc79125e6a50f5b735c939a5251f6" }
use_environment = "mainnet"
manifest_digest = "E41BBD67BE8940D26C79D78B028477EF5B33BA217A1282C78ACB344CF8A5ECF6"
deps = { std = "MoveStdlib", sui = "Sui" }

[pinned.mainnet.genre]
source = { local = "../lib/genre" }
use_environment = "mainnet"
manifest_digest = "E41BBD67BE8940D26C79D78B028477EF5B33BA217A1282C78ACB344CF8A5ECF6"
deps = { std = "MoveStdlib", sui = "Sui" }

[pinned.mainnet.miso]
source = { local = "../../miso-protocol/move" }
use_environment = "mainnet"
manifest_digest = "793C61B12C8AE1BA1CA5F802C603CFD5DAEAFACBC9558CD35EDF73845BC9D96A"
deps = { bps = "bps", miso_share = "miso_share", std = "MoveStdlib", sui = "Sui" }

[pinned.mainnet.miso_share]
source = { local = "../../miso-protocol/move/lib/share" }
use_environment = "mainnet"
manifest_digest = "E41BBD67BE8940D26C79D78B028477EF5B33BA217A1282C78ACB344CF8A5ECF6"
deps = { std = "MoveStdlib", sui = "Sui" }

[pinned.mainnet.per_track]
source = { local = "../lib/per_track" }
use_environment = "mainnet"
manifest_digest = "02DDAFCFAA14AB3AAC407DA3715EB9438AF282D41FEF647D0FA6ACA4DA303B24"
deps = { miso = "miso", std = "MoveStdlib", sui = "Sui" }

[pinned.mainnet.release_genre]
source = { root = true }
use_environment = "mainnet"
manifest_digest = "A76E9CEFD360B2E43BF987B1B09C03988C2C896F56635D9B86C3AC6BDB8D6E56"
deps = { genre = "genre", miso = "miso", per_track = "per_track", std = "MoveStdlib", sui = "Sui" }
