# Generated by move; do not edit
# This file should be checked in.

[move]
version = 4

[pinned.testnet.MoveStdlib]
source = { git = "https://github.com/MystenLabs/sui.git", subdir = "crates/sui-framework/packages/move-stdlib", rev = "b9149cbf0b2cb9ae5ed830407a9b48c7ae3fd36c" }
use_environment = "testnet"
manifest_digest = "C4FE4C91DE74CBF223B2E380AE40F592177D21870DC2D7EB6227D2D694E05363"
deps = {}

[pinned.testnet.Sui]
source = { git = "https://github.com/MystenLabs/sui.git", subdir = "crates/sui-framework/packages/sui-framework", rev = "b9149cbf0b2cb9ae5ed830407a9b48c7ae3fd36c" }
use_environment = "testnet"
manifest_digest = "7AFB66695545775FBFBB2D3078ADFD084244D5002392E837FDE21D9EA1C6D01C"
deps = { MoveStdlib = "MoveStdlib" }

[pinned.testnet.bps]
source = { git = "https://github.com/unconfirmedlabs/bps.git", subdir = ".", rev = "26fa571e3d8fc79125e6a50f5b735c939a5251f6" }
use_environment = "testnet"
manifest_digest = "5745706258F61D6CE210904B3E6AE87A73CE9D31A6F93BE4718C442529332A87"
deps = { std = "MoveStdlib", sui = "Sui" }

[pinned.testnet.composition_recording_stake]
source = { root = true }
use_environment = "testnet"
manifest_digest = "F25C4922D0C713EC72684145AF18F9DAEA6E2AF305117E7C7A139B7609F6E6B8"
deps = { hikida = "hikida", miso = "miso", royalty_pool = "royalty_pool", std = "MoveStdlib", sui = "Sui" }

[pinned.testnet.hikida]
source = { git = "https://github.com/unconfirmedlabs/hikida.git", subdir = ".", rev = "e88c6fa88348bc2764823cf3666d7ca5e08b2f4f" }
use_environment = "testnet"
manifest_digest = "5745706258F61D6CE210904B3E6AE87A73CE9D31A6F93BE4718C442529332A87"
deps = { std = "MoveStdlib", sui = "Sui" }

[pinned.testnet.miso]
source = { local = "../../miso-protocol" }
use_environment = "testnet"
manifest_digest = "1D12D0791136BBD266B87E266ECD9F55291AE4E47C2ECEB6639268F6B93B9E59"
deps = { bps = "bps", miso_share = "miso_share", std = "MoveStdlib", sui = "Sui" }

[pinned.testnet.miso_share]
source = { local = "../../miso-share" }
use_environment = "testnet"
manifest_digest = "5745706258F61D6CE210904B3E6AE87A73CE9D31A6F93BE4718C442529332A87"
deps = { std = "MoveStdlib", sui = "Sui" }

[pinned.testnet.royalty_pool]
source = { local = "../lib/royalty_pool" }
use_environment = "testnet"
manifest_digest = "C42EB345D6ECD90E5E56F9D019D92139F40C0F80F0A5F6F6D4D28FDADB203CF2"
deps = { hikida = "hikida", std = "MoveStdlib", sui = "Sui" }
