# Generated by move; do not edit
# This file should be checked in.

[move]
version = 4

[pinned.mainnet.MoveStdlib]
source = { git = "https://github.com/MystenLabs/sui.git", subdir = "crates/sui-framework/packages/move-stdlib", rev = "b9149cbf0b2cb9ae5ed830407a9b48c7ae3fd36c" }
use_environment = "mainnet"
manifest_digest = "C4FE4C91DE74CBF223B2E380AE40F592177D21870DC2D7EB6227D2D694E05363"
deps = {}

[pinned.mainnet.Sui]
source = { git = "https://github.com/MystenLabs/sui.git", subdir = "crates/sui-framework/packages/sui-framework", rev = "b9149cbf0b2cb9ae5ed830407a9b48c7ae3fd36c" }
use_environment = "mainnet"
manifest_digest = "CD547CB1ACCE0880C835DAED2D8FFCB91D56C833AE5240D3AA5B918398263195"
deps = { MoveStdlib = "MoveStdlib" }

[pinned.mainnet.cover_art]
source = { root = true }
use_environment = "mainnet"
manifest_digest = "9F5CDE02B777C762849379EDF62BB5D1B6D5A2092ACD2FC7B47E99D49D4716E8"
deps = { ori = "ori", std = "MoveStdlib", sui = "Sui" }

[pinned.mainnet.ori]
source = { git = "https://github.com/unconfirmedlabs/ori.git", subdir = "move", rev = "8a4dbb5f853b78eb7475063a840c4444421c5bbd" }
use_environment = "mainnet"
manifest_digest = "E41BBD67BE8940D26C79D78B028477EF5B33BA217A1282C78ACB344CF8A5ECF6"
deps = { std = "MoveStdlib", sui = "Sui" }

[pinned.testnet.MoveStdlib]
source = { git = "https://github.com/MystenLabs/sui.git", subdir = "crates/sui-framework/packages/move-stdlib", rev = "b9149cbf0b2cb9ae5ed830407a9b48c7ae3fd36c" }
use_environment = "testnet"
manifest_digest = "C4FE4C91DE74CBF223B2E380AE40F592177D21870DC2D7EB6227D2D694E05363"
deps = {}

[pinned.testnet.Sui]
source = { git = "https://github.com/MystenLabs/sui.git", subdir = "crates/sui-framework/packages/sui-framework", rev = "b9149cbf0b2cb9ae5ed830407a9b48c7ae3fd36c" }
use_environment = "testnet"
manifest_digest = "7AFB66695545775FBFBB2D3078ADFD084244D5002392E837FDE21D9EA1C6D01C"
deps = { MoveStdlib = "MoveStdlib" }

[pinned.testnet.cover_art]
source = { root = true }
use_environment = "testnet"
manifest_digest = "77804F494CBBD2193846EF620BF429D3E1CFD981E9F2208A6E4AF31DA9E6C8D3"
deps = { ori = "ori", std = "MoveStdlib", sui = "Sui" }

[pinned.testnet.ori]
source = { git = "https://github.com/unconfirmedlabs/ori.git", subdir = "move", rev = "84d5da270e5860b144961dd4665690238b49560c" }
use_environment = "testnet"
manifest_digest = "5745706258F61D6CE210904B3E6AE87A73CE9D31A6F93BE4718C442529332A87"
deps = { std = "MoveStdlib", sui = "Sui" }
