# Generated by move; do not edit
# This file should be checked in.

[move]
version = 4

[pinned.mainnet.MoveStdlib]
source = { git = "https://github.com/MystenLabs/sui.git", subdir = "crates/sui-framework/packages/move-stdlib", rev = "b9149cbf0b2cb9ae5ed830407a9b48c7ae3fd36c" }
use_environment = "mainnet"
manifest_digest = "C4FE4C91DE74CBF223B2E380AE40F592177D21870DC2D7EB6227D2D694E05363"
deps = {}

[pinned.mainnet.Sui]
source = { git = "https://github.com/MystenLabs/sui.git", subdir = "crates/sui-framework/packages/sui-framework", rev = "b9149cbf0b2cb9ae5ed830407a9b48c7ae3fd36c" }
use_environment = "mainnet"
manifest_digest = "CD547CB1ACCE0880C835DAED2D8FFCB91D56C833AE5240D3AA5B918398263195"
deps = { MoveStdlib = "MoveStdlib" }

[pinned.mainnet.bps]
source = { git = "https://github.com/unconfirmedlabs/bps.git", subdir = ".", rev = "d1c07015b98c407e556d014eaa1f4991bd081372" }
use_environment = "mainnet"
manifest_digest = "E41BBD67BE8940D26C79D78B028477EF5B33BA217A1282C78ACB344CF8A5ECF6"
deps = { std = "MoveStdlib", sui = "Sui" }

[pinned.mainnet.language_code]
source = { git = "https://github.com/unconfirmedlabs/language_code.git", subdir = ".", rev = "17a5e84ac77cf3be6f8a72eddb3c0570c455c37f" }
use_environment = "mainnet"
manifest_digest = "E41BBD67BE8940D26C79D78B028477EF5B33BA217A1282C78ACB344CF8A5ECF6"
deps = { std = "MoveStdlib", sui = "Sui" }

[pinned.mainnet.miso]
source = { local = "../../miso-protocol/move" }
use_environment = "mainnet"
manifest_digest = "EE9FBC46930F97AA9AB1533D0A9154C0828AE0F779AB7E1D9347C98D6913B87B"
deps = { bps = "bps", miso_share = "miso_share", std = "MoveStdlib", sui = "Sui" }

[pinned.mainnet.miso_share]
source = { local = "../../miso-protocol/move/lib/share" }
use_environment = "mainnet"
manifest_digest = "E41BBD67BE8940D26C79D78B028477EF5B33BA217A1282C78ACB344CF8A5ECF6"
deps = { std = "MoveStdlib", sui = "Sui" }

[pinned.mainnet.recording_language]
source = { root = true }
use_environment = "mainnet"
manifest_digest = "E68B21C3821E2B04481E77AADB9CBA26EAB97B4AFDAE17BC25D1292B1D352832"
deps = { language_code = "language_code", miso = "miso", std = "MoveStdlib", sui = "Sui" }

[pinned.testnet.MoveStdlib]
source = { git = "https://github.com/MystenLabs/sui.git", subdir = "crates/sui-framework/packages/move-stdlib", rev = "b9149cbf0b2cb9ae5ed830407a9b48c7ae3fd36c" }
use_environment = "testnet"
manifest_digest = "C4FE4C91DE74CBF223B2E380AE40F592177D21870DC2D7EB6227D2D694E05363"
deps = {}

[pinned.testnet.Sui]
source = { git = "https://github.com/MystenLabs/sui.git", subdir = "crates/sui-framework/packages/sui-framework", rev = "b9149cbf0b2cb9ae5ed830407a9b48c7ae3fd36c" }
use_environment = "testnet"
manifest_digest = "7AFB66695545775FBFBB2D3078ADFD084244D5002392E837FDE21D9EA1C6D01C"
deps = { MoveStdlib = "MoveStdlib" }

[pinned.testnet.bps]
source = { git = "https://github.com/unconfirmedlabs/bps.git", subdir = ".", rev = "d1c07015b98c407e556d014eaa1f4991bd081372" }
use_environment = "testnet"
manifest_digest = "5745706258F61D6CE210904B3E6AE87A73CE9D31A6F93BE4718C442529332A87"
deps = { std = "MoveStdlib", sui = "Sui" }

[pinned.testnet.language_code]
source = { git = "https://github.com/unconfirmedlabs/language_code.git", subdir = ".", rev = "17a5e84ac77cf3be6f8a72eddb3c0570c455c37f" }
use_environment = "testnet"
manifest_digest = "5745706258F61D6CE210904B3E6AE87A73CE9D31A6F93BE4718C442529332A87"
deps = { std = "MoveStdlib", sui = "Sui" }

[pinned.testnet.miso]
source = { local = "../../miso-protocol/move" }
use_environment = "testnet"
manifest_digest = "7A3629CCD5A762A37DA102DCF7099DAB4332293BC7922A6EC53033C20F2C53B5"
deps = { bps = "bps", miso_share = "miso_share", std = "MoveStdlib", sui = "Sui" }

[pinned.testnet.miso_share]
source = { local = "../../miso-protocol/move/lib/share" }
use_environment = "testnet"
manifest_digest = "5745706258F61D6CE210904B3E6AE87A73CE9D31A6F93BE4718C442529332A87"
deps = { std = "MoveStdlib", sui = "Sui" }

[pinned.testnet.recording_language]
source = { root = true }
use_environment = "testnet"
manifest_digest = "22C98C542663D22D2C0319D2DDCE24A8044DB0B4C113CE9CD02A0AA071CEBEC7"
deps = { language_code = "language_code", miso = "miso", std = "MoveStdlib", sui = "Sui" }
